
Microsoft Visual Studio Solution File, Format Version 12.00
# Visual Studio Version 16
VisualStudioVersion = 16.0.31624.102
MinimumVisualStudioVersion = 10.0.40219.1
Project("{FAE04EC0-301F-11D3-BF4B-00C04F79EFBC}") = "Массивы5", "Массивы5.csproj", "{828AA522-8460-4478-A89D-00E6D7D51E95}"
EndProject
Global
	GlobalSection(SolutionConfigurationPlatforms) = preSolution
		Debug|Any CPU = Debug|Any CPU
		Release|Any CPU = Release|Any CPU
	EndGlobalSection
	GlobalSection(ProjectConfigurationPlatforms) = postSolution
		{828AA522-8460-4478-A89D-00E6D7D51E95}.Debug|Any CPU.ActiveCfg = Debug|Any CPU
		{828AA522-8460-4478-A89D-00E6D7D51E95}.Debug|Any CPU.Build.0 = Debug|Any CPU
		{828AA522-8460-4478-A89D-00E6D7D51E95}.Release|Any CPU.ActiveCfg = Release|Any CPU
		{828AA522-8460-4478-A89D-00E6D7D51E95}.Release|Any CPU.Build.0 = Release|Any CPU
	EndGlobalSection
	GlobalSection(SolutionProperties) = preSolution
		HideSolutionNode = FALSE
	EndGlobalSection
	GlobalSection(ExtensibilityGlobals) = postSolution
		SolutionGuid = {54E5F047-7633-4277-BFFE-62A4F2A26954}
	EndGlobalSection
EndGlobal
